
Microsoft Visual Studio Solution File, Format Version 12.00
# Visual Studio Version 16
VisualStudioVersion = 16.0.29326.143
MinimumVisualStudioVersion = 10.0.40219.1
Project("{9A19103F-16F7-4668-BE54-9A1E7A4F7556}") = "Timberborn.TimberLisp", "Timberborn.TimberLisp\Timberborn.TimberLisp.csproj", "{6D558863-1886-4AD6-9AEB-0E5108363284}"
	ProjectSection(ProjectDependencies) = postProject
		{7C532974-D8E3-436D-939F-31BB56465CBF} = {7C532974-D8E3-436D-939F-31BB56465CBF}
	EndProjectSection
EndProject
Project("{9A19103F-16F7-4668-BE54-9A1E7A4F7556}") = "CSLisp", "CSLisp\CSLisp.csproj", "{7C532974-D8E3-436D-939F-31BB56465CBF}"
EndProject
Global
	GlobalSection(SolutionConfigurationPlatforms) = preSolution
		Debug|Any CPU = Debug|Any CPU
		Release|Any CPU = Release|Any CPU
	EndGlobalSection
	GlobalSection(ProjectConfigurationPlatforms) = postSolution
		{6D558863-1886-4AD6-9AEB-0E5108363284}.Debug|Any CPU.ActiveCfg = Debug|Any CPU
		{6D558863-1886-4AD6-9AEB-0E5108363284}.Debug|Any CPU.Build.0 = Debug|Any CPU
		{6D558863-1886-4AD6-9AEB-0E5108363284}.Release|Any CPU.ActiveCfg = Release|Any CPU
		{6D558863-1886-4AD6-9AEB-0E5108363284}.Release|Any CPU.Build.0 = Release|Any CPU
		{7C532974-D8E3-436D-939F-31BB56465CBF}.Debug|Any CPU.ActiveCfg = Debug|Any CPU
		{7C532974-D8E3-436D-939F-31BB56465CBF}.Debug|Any CPU.Build.0 = Debug|Any CPU
		{7C532974-D8E3-436D-939F-31BB56465CBF}.Release|Any CPU.ActiveCfg = Release|Any CPU
		{7C532974-D8E3-436D-939F-31BB56465CBF}.Release|Any CPU.Build.0 = Release|Any CPU
	EndGlobalSection
	GlobalSection(SolutionProperties) = preSolution
		HideSolutionNode = FALSE
	EndGlobalSection
	GlobalSection(ExtensibilityGlobals) = postSolution
		SolutionGuid = {4C586E2E-4E82-4704-A6E6-7168961685C5}
	EndGlobalSection
EndGlobal
